
Microsoft Visual Studio Solution File, Format Version 12.00
# Visual Studio Version 17
VisualStudioVersion = 17.5.002.0
MinimumVisualStudioVersion = 10.0.40219.1
Project("{9A19103F-16F7-4668-BE54-9A1E7A4F7556}") = "Chirp.Tests", "Chirp.Tests.csproj", "{8277F353-9C17-45F3-ABDE-C0F9A1209054}"
EndProject
Global
	GlobalSection(SolutionConfigurationPlatforms) = preSolution
		Debug|Any CPU = Debug|Any CPU
		Release|Any CPU = Release|Any CPU
	EndGlobalSection
	GlobalSection(ProjectConfigurationPlatforms) = postSolution
		{8277F353-9C17-45F3-ABDE-C0F9A1209054}.Debug|Any CPU.ActiveCfg = Debug|Any CPU
		{8277F353-9C17-45F3-ABDE-C0F9A1209054}.Debug|Any CPU.Build.0 = Debug|Any CPU
		{8277F353-9C17-45F3-ABDE-C0F9A1209054}.Release|Any CPU.ActiveCfg = Release|Any CPU
		{8277F353-9C17-45F3-ABDE-C0F9A1209054}.Release|Any CPU.Build.0 = Release|Any CPU
	EndGlobalSection
	GlobalSection(SolutionProperties) = preSolution
		HideSolutionNode = FALSE
	EndGlobalSection
	GlobalSection(ExtensibilityGlobals) = postSolution
		SolutionGuid = {754BE5CD-608B-4272-8485-F781F6A5CA6C}
	EndGlobalSection
EndGlobal
