
Microsoft Visual Studio Solution File, Format Version 12.00
# Visual Studio Version 17
VisualStudioVersion = 17.5.002.0
MinimumVisualStudioVersion = 10.0.40219.1
Project("{9A19103F-16F7-4668-BE54-9A1E7A4F7556}") = "Chirp.Razor", "Chirp.Razor.csproj", "{FDF1B9A7-796D-43F1-BC6C-DB31262BBC4B}"
EndProject
Global
	GlobalSection(SolutionConfigurationPlatforms) = preSolution
		Debug|Any CPU = Debug|Any CPU
		Release|Any CPU = Release|Any CPU
	EndGlobalSection
	GlobalSection(ProjectConfigurationPlatforms) = postSolution
		{FDF1B9A7-796D-43F1-BC6C-DB31262BBC4B}.Debug|Any CPU.ActiveCfg = Debug|Any CPU
		{FDF1B9A7-796D-43F1-BC6C-DB31262BBC4B}.Debug|Any CPU.Build.0 = Debug|Any CPU
		{FDF1B9A7-796D-43F1-BC6C-DB31262BBC4B}.Release|Any CPU.ActiveCfg = Release|Any CPU
		{FDF1B9A7-796D-43F1-BC6C-DB31262BBC4B}.Release|Any CPU.Build.0 = Release|Any CPU
	EndGlobalSection
	GlobalSection(SolutionProperties) = preSolution
		HideSolutionNode = FALSE
	EndGlobalSection
	GlobalSection(ExtensibilityGlobals) = postSolution
		SolutionGuid = {A74A5A4E-057A-41B7-9DD4-4E1021AE0651}
	EndGlobalSection
EndGlobal
